
Microsoft Visual Studio Solution File, Format Version 12.00
# Visual Studio Version 17
VisualStudioVersion = 17.5.002.0
MinimumVisualStudioVersion = 10.0.40219.1
Project("{2150E333-8FDC-42A3-9474-1A3956D46DE8}") = "backend", "backend", "{95F32773-788D-43DA-94C4-328023EA4F09}"
EndProject
Project("{9A19103F-16F7-4668-BE54-9A1E7A4F7556}") = "api", "backend\api\api.csproj", "{0078029A-7C6E-4CB0-88E5-2C08CC11E69A}"
EndProject
Project("{9A19103F-16F7-4668-BE54-9A1E7A4F7556}") = "tests", "backend\tests\tests.csproj", "{F41705AA-A347-4E0E-A98F-51FC97237E34}"
EndProject
Global
	GlobalSection(SolutionConfigurationPlatforms) = preSolution
		Debug|Any CPU = Debug|Any CPU
		Release|Any CPU = Release|Any CPU
	EndGlobalSection
	GlobalSection(ProjectConfigurationPlatforms) = postSolution
		{0078029A-7C6E-4CB0-88E5-2C08CC11E69A}.Debug|Any CPU.ActiveCfg = Debug|Any CPU
		{0078029A-7C6E-4CB0-88E5-2C08CC11E69A}.Debug|Any CPU.Build.0 = Debug|Any CPU
		{0078029A-7C6E-4CB0-88E5-2C08CC11E69A}.Release|Any CPU.ActiveCfg = Release|Any CPU
		{0078029A-7C6E-4CB0-88E5-2C08CC11E69A}.Release|Any CPU.Build.0 = Release|Any CPU
		{F41705AA-A347-4E0E-A98F-51FC97237E34}.Debug|Any CPU.ActiveCfg = Debug|Any CPU
		{F41705AA-A347-4E0E-A98F-51FC97237E34}.Debug|Any CPU.Build.0 = Debug|Any CPU
		{F41705AA-A347-4E0E-A98F-51FC97237E34}.Release|Any CPU.ActiveCfg = Release|Any CPU
		{F41705AA-A347-4E0E-A98F-51FC97237E34}.Release|Any CPU.Build.0 = Release|Any CPU
	EndGlobalSection
	GlobalSection(SolutionProperties) = preSolution
		HideSolutionNode = FALSE
	EndGlobalSection
	GlobalSection(NestedProjects) = preSolution
		{0078029A-7C6E-4CB0-88E5-2C08CC11E69A} = {95F32773-788D-43DA-94C4-328023EA4F09}
		{F41705AA-A347-4E0E-A98F-51FC97237E34} = {95F32773-788D-43DA-94C4-328023EA4F09}
	EndGlobalSection
	GlobalSection(ExtensibilityGlobals) = postSolution
		SolutionGuid = {FB30EB59-3635-421A-A646-0D6BCD3814DD}
	EndGlobalSection
EndGlobal
